
Microsoft Visual Studio Solution File, Format Version 12.00
# Blend for Visual Studio 15
VisualStudioVersion = 15.0.28307.271
MinimumVisualStudioVersion = 10.0.40219.1
Project("{FAE04EC0-301F-11D3-BF4B-00C04F79EFBC}") = "MagnusDreams", "MagnusDreams\MagnusDreams.csproj", "{38C6AE81-8102-4E37-B285-5A4B5E4005BA}"
EndProject
Global
	GlobalSection(SolutionConfigurationPlatforms) = preSolution
		Debug|Any CPU = Debug|Any CPU
		Release|Any CPU = Release|Any CPU
	EndGlobalSection
	GlobalSection(ProjectConfigurationPlatforms) = postSolution
		{38C6AE81-8102-4E37-B285-5A4B5E4005BA}.Debug|Any CPU.ActiveCfg = Debug|Any CPU
		{38C6AE81-8102-4E37-B285-5A4B5E4005BA}.Debug|Any CPU.Build.0 = Debug|Any CPU
		{38C6AE81-8102-4E37-B285-5A4B5E4005BA}.Release|Any CPU.ActiveCfg = Release|Any CPU
		{38C6AE81-8102-4E37-B285-5A4B5E4005BA}.Release|Any CPU.Build.0 = Release|Any CPU
	EndGlobalSection
	GlobalSection(SolutionProperties) = preSolution
		HideSolutionNode = FALSE
	EndGlobalSection
	GlobalSection(ExtensibilityGlobals) = postSolution
		SolutionGuid = {FC789847-0778-43C3-8485-BD5962FE8E58}
	EndGlobalSection
EndGlobal
